
Microsoft Visual Studio Solution File, Format Version 12.00
# Visual Studio Version 16
VisualStudioVersion = 16.0.31624.102
MinimumVisualStudioVersion = 10.0.40219.1
Project("{FAE04EC0-301F-11D3-BF4B-00C04F79EFBC}") = "TimerRegister.common", "TimerRegister.common\TimerRegister.common.csproj", "{03F39DBC-ACA3-4CA3-82C5-79ECDBC560C0}"
EndProject
Project("{FAE04EC0-301F-11D3-BF4B-00C04F79EFBC}") = "TimerRegister.Functions", "TimerRegister.Functions\TimerRegister.Functions.csproj", "{D1E7D0E4-57AF-4193-9C77-5E8ACE368E1F}"
EndProject
Global
	GlobalSection(SolutionConfigurationPlatforms) = preSolution
		Debug|Any CPU = Debug|Any CPU
		Release|Any CPU = Release|Any CPU
	EndGlobalSection
	GlobalSection(ProjectConfigurationPlatforms) = postSolution
		{03F39DBC-ACA3-4CA3-82C5-79ECDBC560C0}.Debug|Any CPU.ActiveCfg = Debug|Any CPU
		{03F39DBC-ACA3-4CA3-82C5-79ECDBC560C0}.Debug|Any CPU.Build.0 = Debug|Any CPU
		{03F39DBC-ACA3-4CA3-82C5-79ECDBC560C0}.Release|Any CPU.ActiveCfg = Release|Any CPU
		{03F39DBC-ACA3-4CA3-82C5-79ECDBC560C0}.Release|Any CPU.Build.0 = Release|Any CPU
		{D1E7D0E4-57AF-4193-9C77-5E8ACE368E1F}.Debug|Any CPU.ActiveCfg = Debug|Any CPU
		{D1E7D0E4-57AF-4193-9C77-5E8ACE368E1F}.Debug|Any CPU.Build.0 = Debug|Any CPU
		{D1E7D0E4-57AF-4193-9C77-5E8ACE368E1F}.Release|Any CPU.ActiveCfg = Release|Any CPU
		{D1E7D0E4-57AF-4193-9C77-5E8ACE368E1F}.Release|Any CPU.Build.0 = Release|Any CPU
	EndGlobalSection
	GlobalSection(SolutionProperties) = preSolution
		HideSolutionNode = FALSE
	EndGlobalSection
	GlobalSection(ExtensibilityGlobals) = postSolution
		SolutionGuid = {A9B4C490-D1D7-4EDA-B7E0-07F5FA7BECE4}
	EndGlobalSection
EndGlobal
